
Microsoft Visual Studio Solution File, Format Version 12.00
# Visual Studio Version 17
VisualStudioVersion = 17.10.34928.147
MinimumVisualStudioVersion = 10.0.40219.1
Project("{9A19103F-16F7-4668-BE54-9A1E7A4F7556}") = "Orders.Backend", "Orders.Backend\Orders.Backend.csproj", "{71B3E076-325F-426C-9438-8C3DD197314F}"
EndProject
Project("{9A19103F-16F7-4668-BE54-9A1E7A4F7556}") = "Orders.Frontend", "Orders.Frontend\Orders.Frontend.csproj", "{01EA6636-B789-431D-A7B6-76553D86BA6D}"
EndProject
Project("{9A19103F-16F7-4668-BE54-9A1E7A4F7556}") = "Orders.Share", "Orders.Share\Orders.Share.csproj", "{59368FF4-DD4E-4407-9636-7F01BBE6C371}"
EndProject
Project("{9A19103F-16F7-4668-BE54-9A1E7A4F7556}") = "Orders.Tests", "Orders.Tests\Orders.Tests.csproj", "{168EE7F0-6F39-4606-BD16-7021F4A79BB7}"
EndProject
Global
	GlobalSection(SolutionConfigurationPlatforms) = preSolution
		Debug|Any CPU = Debug|Any CPU
		Release|Any CPU = Release|Any CPU
	EndGlobalSection
	GlobalSection(ProjectConfigurationPlatforms) = postSolution
		{71B3E076-325F-426C-9438-8C3DD197314F}.Debug|Any CPU.ActiveCfg = Debug|Any CPU
		{71B3E076-325F-426C-9438-8C3DD197314F}.Debug|Any CPU.Build.0 = Debug|Any CPU
		{71B3E076-325F-426C-9438-8C3DD197314F}.Release|Any CPU.ActiveCfg = Release|Any CPU
		{71B3E076-325F-426C-9438-8C3DD197314F}.Release|Any CPU.Build.0 = Release|Any CPU
		{01EA6636-B789-431D-A7B6-76553D86BA6D}.Debug|Any CPU.ActiveCfg = Debug|Any CPU
		{01EA6636-B789-431D-A7B6-76553D86BA6D}.Debug|Any CPU.Build.0 = Debug|Any CPU
		{01EA6636-B789-431D-A7B6-76553D86BA6D}.Release|Any CPU.ActiveCfg = Release|Any CPU
		{01EA6636-B789-431D-A7B6-76553D86BA6D}.Release|Any CPU.Build.0 = Release|Any CPU
		{59368FF4-DD4E-4407-9636-7F01BBE6C371}.Debug|Any CPU.ActiveCfg = Debug|Any CPU
		{59368FF4-DD4E-4407-9636-7F01BBE6C371}.Debug|Any CPU.Build.0 = Debug|Any CPU
		{59368FF4-DD4E-4407-9636-7F01BBE6C371}.Release|Any CPU.ActiveCfg = Release|Any CPU
		{59368FF4-DD4E-4407-9636-7F01BBE6C371}.Release|Any CPU.Build.0 = Release|Any CPU
		{168EE7F0-6F39-4606-BD16-7021F4A79BB7}.Debug|Any CPU.ActiveCfg = Debug|Any CPU
		{168EE7F0-6F39-4606-BD16-7021F4A79BB7}.Debug|Any CPU.Build.0 = Debug|Any CPU
		{168EE7F0-6F39-4606-BD16-7021F4A79BB7}.Release|Any CPU.ActiveCfg = Release|Any CPU
		{168EE7F0-6F39-4606-BD16-7021F4A79BB7}.Release|Any CPU.Build.0 = Release|Any CPU
	EndGlobalSection
	GlobalSection(SolutionProperties) = preSolution
		HideSolutionNode = FALSE
	EndGlobalSection
	GlobalSection(ExtensibilityGlobals) = postSolution
		SolutionGuid = {C009801D-E4FB-45DB-8ED6-BEDD36714E9D}
	EndGlobalSection
EndGlobal
